
Microsoft Visual Studio Solution File, Format Version 12.00
Project("{FAE04EC0-301F-11D3-BF4B-00C04F79EFBC}") = "HabitTimeTracker", "HabitTimeTracker\HabitTimeTracker.csproj", "{2D8A02A3-371E-454E-8273-D33DF439ACDC}"
EndProject
Project("{2150E333-8FDC-42A3-9474-1A3956D46DE8}") = "Docker", "Docker", "{0AF1DD61-1DA1-4BB3-89D5-A5A9DBB99392}"
	ProjectSection(SolutionItems) = preProject
		compose.yml = compose.yml
	EndProjectSection
EndProject
Project("{FAE04EC0-301F-11D3-BF4B-00C04F79EFBC}") = "HabitTimeTracker.Tests", "HabitTimeTracker.Tests\HabitTimeTracker.Tests.csproj", "{C3922A94-1B91-4BEB-B0C2-472DACB56CFF}"
EndProject
Global
	GlobalSection(SolutionConfigurationPlatforms) = preSolution
		Debug|Any CPU = Debug|Any CPU
		Debug|x64 = Debug|x64
		Debug|x86 = Debug|x86
		Release|Any CPU = Release|Any CPU
		Release|x64 = Release|x64
		Release|x86 = Release|x86
	EndGlobalSection
	GlobalSection(ProjectConfigurationPlatforms) = postSolution
		{2D8A02A3-371E-454E-8273-D33DF439ACDC}.Debug|Any CPU.ActiveCfg = Debug|Any CPU
		{2D8A02A3-371E-454E-8273-D33DF439ACDC}.Debug|Any CPU.Build.0 = Debug|Any CPU
		{2D8A02A3-371E-454E-8273-D33DF439ACDC}.Debug|x64.ActiveCfg = Debug|Any CPU
		{2D8A02A3-371E-454E-8273-D33DF439ACDC}.Debug|x64.Build.0 = Debug|Any CPU
		{2D8A02A3-371E-454E-8273-D33DF439ACDC}.Debug|x86.ActiveCfg = Debug|Any CPU
		{2D8A02A3-371E-454E-8273-D33DF439ACDC}.Debug|x86.Build.0 = Debug|Any CPU
		{2D8A02A3-371E-454E-8273-D33DF439ACDC}.Release|Any CPU.ActiveCfg = Release|Any CPU
		{2D8A02A3-371E-454E-8273-D33DF439ACDC}.Release|Any CPU.Build.0 = Release|Any CPU
		{2D8A02A3-371E-454E-8273-D33DF439ACDC}.Release|x64.ActiveCfg = Release|Any CPU
		{2D8A02A3-371E-454E-8273-D33DF439ACDC}.Release|x64.Build.0 = Release|Any CPU
		{2D8A02A3-371E-454E-8273-D33DF439ACDC}.Release|x86.ActiveCfg = Release|Any CPU
		{2D8A02A3-371E-454E-8273-D33DF439ACDC}.Release|x86.Build.0 = Release|Any CPU
		{C3922A94-1B91-4BEB-B0C2-472DACB56CFF}.Debug|Any CPU.ActiveCfg = Debug|Any CPU
		{C3922A94-1B91-4BEB-B0C2-472DACB56CFF}.Debug|Any CPU.Build.0 = Debug|Any CPU
		{C3922A94-1B91-4BEB-B0C2-472DACB56CFF}.Debug|x64.ActiveCfg = Debug|Any CPU
		{C3922A94-1B91-4BEB-B0C2-472DACB56CFF}.Debug|x64.Build.0 = Debug|Any CPU
		{C3922A94-1B91-4BEB-B0C2-472DACB56CFF}.Debug|x86.ActiveCfg = Debug|Any CPU
		{C3922A94-1B91-4BEB-B0C2-472DACB56CFF}.Debug|x86.Build.0 = Debug|Any CPU
		{C3922A94-1B91-4BEB-B0C2-472DACB56CFF}.Release|Any CPU.ActiveCfg = Release|Any CPU
		{C3922A94-1B91-4BEB-B0C2-472DACB56CFF}.Release|Any CPU.Build.0 = Release|Any CPU
		{C3922A94-1B91-4BEB-B0C2-472DACB56CFF}.Release|x64.ActiveCfg = Release|Any CPU
		{C3922A94-1B91-4BEB-B0C2-472DACB56CFF}.Release|x64.Build.0 = Release|Any CPU
		{C3922A94-1B91-4BEB-B0C2-472DACB56CFF}.Release|x86.ActiveCfg = Release|Any CPU
		{C3922A94-1B91-4BEB-B0C2-472DACB56CFF}.Release|x86.Build.0 = Release|Any CPU
	EndGlobalSection
	GlobalSection(SolutionProperties) = preSolution
		HideSolutionNode = FALSE
	EndGlobalSection
EndGlobal
