
Microsoft Visual Studio Solution File, Format Version 12.00
Project("{FAE04EC0-301F-11D3-BF4B-00C04F79EFBC}") = "HabitTimeTracker", "HabitTimeTracker\HabitTimeTracker.csproj", "{2D8A02A3-371E-454E-8273-D33DF439ACDC}"
EndProject
Project("{2150E333-8FDC-42A3-9474-1A3956D46DE8}") = "Docker", "Docker", "{0AF1DD61-1DA1-4BB3-89D5-A5A9DBB99392}"
	ProjectSection(SolutionItems) = preProject
		compose.yml = compose.yml
	EndProjectSection
EndProject
Global
	GlobalSection(SolutionConfigurationPlatforms) = preSolution
		Debug|Any CPU = Debug|Any CPU
		Release|Any CPU = Release|Any CPU
	EndGlobalSection
	GlobalSection(ProjectConfigurationPlatforms) = postSolution
		{2D8A02A3-371E-454E-8273-D33DF439ACDC}.Debug|Any CPU.ActiveCfg = Debug|Any CPU
		{2D8A02A3-371E-454E-8273-D33DF439ACDC}.Debug|Any CPU.Build.0 = Debug|Any CPU
		{2D8A02A3-371E-454E-8273-D33DF439ACDC}.Release|Any CPU.ActiveCfg = Release|Any CPU
		{2D8A02A3-371E-454E-8273-D33DF439ACDC}.Release|Any CPU.Build.0 = Release|Any CPU
	EndGlobalSection
EndGlobal
